
Microsoft Visual Studio Solution File, Format Version 12.00
# Visual Studio Version 17
VisualStudioVersion = 17.8.34316.72
MinimumVisualStudioVersion = 10.0.40219.1
Project("{FAE04EC0-301F-11D3-BF4B-00C04F79EFBC}") = "m2w1d3", "m2w1d3.csproj", "{9E5578F1-C659-4D6B-816A-3F12734EDB7B}"
EndProject
Global
	GlobalSection(SolutionConfigurationPlatforms) = preSolution
		Debug|Any CPU = Debug|Any CPU
		Release|Any CPU = Release|Any CPU
	EndGlobalSection
	GlobalSection(ProjectConfigurationPlatforms) = postSolution
		{9E5578F1-C659-4D6B-816A-3F12734EDB7B}.Debug|Any CPU.ActiveCfg = Debug|Any CPU
		{9E5578F1-C659-4D6B-816A-3F12734EDB7B}.Debug|Any CPU.Build.0 = Debug|Any CPU
		{9E5578F1-C659-4D6B-816A-3F12734EDB7B}.Release|Any CPU.ActiveCfg = Release|Any CPU
		{9E5578F1-C659-4D6B-816A-3F12734EDB7B}.Release|Any CPU.Build.0 = Release|Any CPU
	EndGlobalSection
	GlobalSection(SolutionProperties) = preSolution
		HideSolutionNode = FALSE
	EndGlobalSection
	GlobalSection(ExtensibilityGlobals) = postSolution
		SolutionGuid = {71A1CC7E-AA50-428D-903E-DB9193C44274}
	EndGlobalSection
EndGlobal
